#
# This file is autogenerated by pip-compile with Python 3.13
# by the following command:
#
#    pip-compile --extra=dev --output-file=requirements-dev.lock --strip-extras pyproject.toml
#
aiosqlite==0.22.1
    # via prefect
alembic==1.18.5
    # via
    #   auto-notify (pyproject.toml)
    #   prefect
amplitude-analytics==1.2.3
    # via prefect
annotated-doc==0.0.4
    # via
    #   fastapi
    #   typer
annotated-types==0.7.0
    # via pydantic
anyio==4.14.1
    # via
    #   httpx
    #   prefect
    #   starlette
    #   watchfiles
apprise==1.11.0
    # via prefect
asgi-lifespan==2.1.0
    # via prefect
asyncpg==0.31.0
    # via
    #   auto-notify (pyproject.toml)
    #   prefect
attrs==26.1.0
    # via
    #   cyclopts
    #   jsonschema
    #   outcome
    #   referencing
    #   trio
beartype==0.22.9
    # via py-key-value-aio
build==1.5.0
    # via pip-tools
burner-redis==0.1.7
    # via pydocket
cachetools==7.1.4
    # via
    #   prefect
    #   py-key-value-aio
certifi==2026.6.17
    # via
    #   apprise
    #   httpcore
    #   httpx
    #   requests
    #   selenium
cffi==2.0.0
    # via
    #   cryptography
    #   trio
charset-normalizer==3.4.7
    # via requests
click==8.4.2
    # via
    #   apprise
    #   pip-tools
    #   prefect
    #   uvicorn
cloudpickle==3.1.2
    # via
    #   prefect
    #   pydocket
colorama==0.4.6
    # via
    #   build
    #   click
    #   griffecli
    #   pytest
    #   typer
    #   uvicorn
coolname==5.0.0
    # via prefect
cronsim==2.7
    # via pydocket
cryptography==49.0.0
    # via prefect
cyclopts==4.20.0
    # via prefect
dateparser==1.4.1
    # via prefect
docker==7.1.0
    # via prefect
docstring-parser==0.18.0
    # via cyclopts
et-xmlfile==2.0.0
    # via openpyxl
exceptiongroup==1.3.1
    # via prefect
fastapi==0.138.2
    # via
    #   auto-notify (pyproject.toml)
    #   prefect
fsspec==2026.6.0
    # via prefect
graphviz==0.21
    # via prefect
greenlet==3.5.3
    # via sqlalchemy
griffe==2.1.0
    # via prefect
griffecli==2.1.0
    # via griffe
griffelib==2.1.0
    # via
    #   griffe
    #   griffecli
h11==0.16.0
    # via
    #   httpcore
    #   uvicorn
    #   wsproto
h2==4.3.0
    # via httpx
hpack==4.2.0
    # via h2
httpcore==1.0.9
    # via
    #   httpx
    #   prefect
httptools==0.8.0
    # via uvicorn
httpx==0.28.1
    # via prefect
humanize==4.15.0
    # via
    #   jinja2-humanize-extension
    #   prefect
hyperframe==6.1.0
    # via h2
idna==3.18
    # via
    #   anyio
    #   httpx
    #   requests
    #   trio
iniconfig==2.3.0
    # via pytest
jinja2==3.1.6
    # via
    #   jinja2-humanize-extension
    #   prefect
jinja2-humanize-extension==0.4.0
    # via prefect
jsonpatch==1.33
    # via prefect
jsonpointer==3.1.1
    # via jsonpatch
jsonschema==4.26.0
    # via prefect
jsonschema-specifications==2025.9.1
    # via jsonschema
mako==1.3.12
    # via alembic
markdown==3.10.2
    # via apprise
markdown-it-py==4.2.0
    # via rich
markupsafe==3.0.3
    # via
    #   jinja2
    #   mako
mdurl==0.1.2
    # via markdown-it-py
oauthlib==3.3.1
    # via requests-oauthlib
openpyxl==3.1.5
    # via auto-notify (pyproject.toml)
opentelemetry-api==1.43.0
    # via
    #   prefect
    #   pydocket
orjson==3.11.9
    # via prefect
outcome==1.3.0.post0
    # via
    #   trio
    #   trio-websocket
packaging==26.2
    # via
    #   build
    #   prefect
    #   pytest
    #   wheel
pathspec==1.1.1
    # via prefect
pip-tools==7.5.3
    # via auto-notify (pyproject.toml)
pluggy==1.6.0
    # via
    #   prefect
    #   pytest
prefect==3.7.0
    # via auto-notify (pyproject.toml)
prometheus-client==0.25.0
    # via
    #   prefect
    #   pydocket
py-key-value-aio==0.4.5
    # via pydocket
pycparser==3.0
    # via cffi
pydantic==2.13.4
    # via
    #   fastapi
    #   prefect
    #   pydantic-extra-types
    #   pydantic-settings
pydantic-core==2.46.4
    # via
    #   prefect
    #   pydantic
pydantic-extra-types==2.11.1
    # via prefect
pydantic-settings==2.14.2
    # via prefect
pydocket==0.22.0
    # via prefect
pygments==2.20.0
    # via
    #   pytest
    #   rich
    #   rich-rst
pymupdf==1.28.0
    # via auto-notify (pyproject.toml)
pymysql==1.2.0
    # via auto-notify (pyproject.toml)
pyproject-hooks==1.2.0
    # via
    #   build
    #   pip-tools
pysocks==1.7.1
    # via urllib3
pytest==8.4.2
    # via auto-notify (pyproject.toml)
python-dateutil==2.9.0.post0
    # via
    #   dateparser
    #   prefect
python-dotenv==1.2.2
    # via
    #   pydantic-settings
    #   uvicorn
python-json-logger==4.1.0
    # via pydocket
python-multipart==0.0.32
    # via auto-notify (pyproject.toml)
python-slugify==8.0.4
    # via prefect
pytz==2026.2
    # via
    #   dateparser
    #   prefect
pywin32==312 ; platform_system == "Windows"
    # via
    #   auto-notify (pyproject.toml)
    #   docker
pyyaml==6.0.3
    # via
    #   apprise
    #   prefect
    #   uvicorn
readchar==4.2.2
    # via prefect
redis==8.0.1
    # via
    #   py-key-value-aio
    #   pydocket
referencing==0.37.0
    # via
    #   jsonschema
    #   jsonschema-specifications
regex==2026.6.28
    # via dateparser
requests==2.34.2
    # via
    #   apprise
    #   auto-notify (pyproject.toml)
    #   docker
    #   requests-oauthlib
requests-oauthlib==2.0.0
    # via apprise
rfc3339-validator==0.1.4
    # via prefect
rich==15.0.0
    # via
    #   cyclopts
    #   prefect
    #   pydocket
    #   rich-rst
    #   typer
rich-rst==2.0.2
    # via cyclopts
rpds-py==2026.5.1
    # via
    #   jsonschema
    #   referencing
ruamel-yaml==0.19.1
    # via prefect
ruamel-yaml-clib==0.2.15
    # via prefect
ruff==0.15.20
    # via auto-notify (pyproject.toml)
selenium==4.45.0
    # via auto-notify (pyproject.toml)
semver==3.0.4
    # via prefect
shellingham==1.5.4
    # via typer
six==1.17.0
    # via
    #   python-dateutil
    #   rfc3339-validator
sniffio==1.3.1
    # via
    #   asgi-lifespan
    #   prefect
    #   trio
sortedcontainers==2.4.0
    # via trio
sqlalchemy==2.0.51
    # via
    #   alembic
    #   auto-notify (pyproject.toml)
    #   prefect
starlette==1.3.1
    # via fastapi
text-unidecode==1.3
    # via python-slugify
toml==0.10.2
    # via prefect
trio==0.33.0
    # via
    #   selenium
    #   trio-websocket
trio-websocket==0.12.2
    # via selenium
typer==0.26.8
    # via pydocket
typing-extensions==4.15.0
    # via
    #   alembic
    #   fastapi
    #   opentelemetry-api
    #   prefect
    #   py-key-value-aio
    #   pydantic
    #   pydantic-core
    #   pydantic-extra-types
    #   pydocket
    #   selenium
    #   sqlalchemy
    #   typing-inspection
typing-inspection==0.4.2
    # via
    #   fastapi
    #   pydantic
    #   pydantic-settings
tzdata==2026.2
    # via
    #   apprise
    #   pydocket
    #   tzlocal
    #   whenever
tzlocal==5.4.4
    # via
    #   dateparser
    #   whenever
uncalled-for==0.3.2
    # via pydocket
urllib3==2.7.0
    # via
    #   docker
    #   requests
    #   selenium
uvicorn==0.49.0
    # via
    #   auto-notify (pyproject.toml)
    #   prefect
watchfiles==1.2.0
    # via uvicorn
websocket-client==1.9.0
    # via selenium
websockets==16.0
    # via
    #   prefect
    #   uvicorn
wheel==0.47.0
    # via pip-tools
whenever==0.10.2
    # via prefect
wsproto==1.3.2
    # via trio-websocket

# The following packages are considered to be unsafe in a requirements file:
# pip
# setuptools
